
Microsoft Visual Studio Solution File, Format Version 12.00
# Visual Studio Version 16
VisualStudioVersion = 25.0.1704.5
MinimumVisualStudioVersion = 10.0.40219.1
Project("{FAE04EC0-301F-11D3-BF4B-00C04F79EFBC}") = "DesafioFindesAPI", "DesafioFindesAPI\DesafioFindesAPI.csproj", "{66E0FBA0-4BE3-4206-9E29-BE4C80B6C85B}"
EndProject
Global
	GlobalSection(SolutionConfigurationPlatforms) = preSolution
		Debug|Any CPU = Debug|Any CPU
		Release|Any CPU = Release|Any CPU
	EndGlobalSection
	GlobalSection(ProjectConfigurationPlatforms) = postSolution
		{66E0FBA0-4BE3-4206-9E29-BE4C80B6C85B}.Debug|Any CPU.ActiveCfg = Debug|Any CPU
		{66E0FBA0-4BE3-4206-9E29-BE4C80B6C85B}.Debug|Any CPU.Build.0 = Debug|Any CPU
		{66E0FBA0-4BE3-4206-9E29-BE4C80B6C85B}.Release|Any CPU.ActiveCfg = Release|Any CPU
		{66E0FBA0-4BE3-4206-9E29-BE4C80B6C85B}.Release|Any CPU.Build.0 = Release|Any CPU
	EndGlobalSection
	GlobalSection(SolutionProperties) = preSolution
		HideSolutionNode = FALSE
	EndGlobalSection
	GlobalSection(ExtensibilityGlobals) = postSolution
		SolutionGuid = {C3E2F863-ABA8-4EB6-B1C8-988BC00EFBB2}
	EndGlobalSection
EndGlobal
